
Microsoft Visual Studio Solution File, Format Version 12.00
# Visual Studio 2012
Project("{8BC9CEB8-8B4A-11D0-8D11-00A0C91BC942}") = "Homework final", "Homework final\Homework final.vcxproj", "{6E779FB3-6DCC-4D76-A8BD-4EB070F8714C}"
EndProject
Global
	GlobalSection(SolutionConfigurationPlatforms) = preSolution
		Debug|Win32 = Debug|Win32
		Release|Win32 = Release|Win32
	EndGlobalSection
	GlobalSection(ProjectConfigurationPlatforms) = postSolution
		{6E779FB3-6DCC-4D76-A8BD-4EB070F8714C}.Debug|Win32.ActiveCfg = Debug|Win32
		{6E779FB3-6DCC-4D76-A8BD-4EB070F8714C}.Debug|Win32.Build.0 = Debug|Win32
		{6E779FB3-6DCC-4D76-A8BD-4EB070F8714C}.Release|Win32.ActiveCfg = Release|Win32
		{6E779FB3-6DCC-4D76-A8BD-4EB070F8714C}.Release|Win32.Build.0 = Release|Win32
	EndGlobalSection
	GlobalSection(SolutionProperties) = preSolution
		HideSolutionNode = FALSE
	EndGlobalSection
EndGlobal
