
Microsoft Visual Studio Solution File, Format Version 12.00
# Visual Studio 2012
Project("{8BC9CEB8-8B4A-11D0-8D11-00A0C91BC942}") = "Binary to Octal", "Binary to Octal\Binary to Octal.vcxproj", "{8BC1A0A0-FD8D-4DFE-AD89-626A04433A27}"
EndProject
Global
	GlobalSection(SolutionConfigurationPlatforms) = preSolution
		Debug|Win32 = Debug|Win32
		Release|Win32 = Release|Win32
	EndGlobalSection
	GlobalSection(ProjectConfigurationPlatforms) = postSolution
		{8BC1A0A0-FD8D-4DFE-AD89-626A04433A27}.Debug|Win32.ActiveCfg = Debug|Win32
		{8BC1A0A0-FD8D-4DFE-AD89-626A04433A27}.Debug|Win32.Build.0 = Debug|Win32
		{8BC1A0A0-FD8D-4DFE-AD89-626A04433A27}.Release|Win32.ActiveCfg = Release|Win32
		{8BC1A0A0-FD8D-4DFE-AD89-626A04433A27}.Release|Win32.Build.0 = Release|Win32
	EndGlobalSection
	GlobalSection(SolutionProperties) = preSolution
		HideSolutionNode = FALSE
	EndGlobalSection
EndGlobal
